
Microsoft Visual Studio Solution File, Format Version 12.00
# Visual Studio Version 16
VisualStudioVersion = 16.0.29306.81
MinimumVisualStudioVersion = 10.0.40219.1
Project("{9A19103F-16F7-4668-BE54-9A1E7A4F7556}") = "BlueParser", "BlueParser\BlueParser.csproj", "{138B473D-EFC9-4BD7-B62F-4291B4D49B68}"
EndProject
Project("{9A19103F-16F7-4668-BE54-9A1E7A4F7556}") = "BlueParser.Tests", "BlueParser.Tests\BlueParser.Tests.csproj", "{CB58DA93-E870-4817-9DD5-EA8F469662AA}"
EndProject
Project("{9A19103F-16F7-4668-BE54-9A1E7A4F7556}") = "QueryParser", "QueryParser\QueryParser.csproj", "{722F7D34-1BCC-4310-BFA2-B8BF49A70FD0}"
EndProject
Project("{9A19103F-16F7-4668-BE54-9A1E7A4F7556}") = "QueryParser.Tests", "QueryParser.Tests\QueryParser.Tests.csproj", "{A3BD43F8-75A2-449E-94F9-893B9CE3473C}"
EndProject
Global
	GlobalSection(SolutionConfigurationPlatforms) = preSolution
		Debug|Any CPU = Debug|Any CPU
		Release|Any CPU = Release|Any CPU
	EndGlobalSection
	GlobalSection(ProjectConfigurationPlatforms) = postSolution
		{138B473D-EFC9-4BD7-B62F-4291B4D49B68}.Debug|Any CPU.ActiveCfg = Debug|Any CPU
		{138B473D-EFC9-4BD7-B62F-4291B4D49B68}.Debug|Any CPU.Build.0 = Debug|Any CPU
		{138B473D-EFC9-4BD7-B62F-4291B4D49B68}.Release|Any CPU.ActiveCfg = Release|Any CPU
		{138B473D-EFC9-4BD7-B62F-4291B4D49B68}.Release|Any CPU.Build.0 = Release|Any CPU
		{CB58DA93-E870-4817-9DD5-EA8F469662AA}.Debug|Any CPU.ActiveCfg = Debug|Any CPU
		{CB58DA93-E870-4817-9DD5-EA8F469662AA}.Debug|Any CPU.Build.0 = Debug|Any CPU
		{CB58DA93-E870-4817-9DD5-EA8F469662AA}.Release|Any CPU.ActiveCfg = Release|Any CPU
		{CB58DA93-E870-4817-9DD5-EA8F469662AA}.Release|Any CPU.Build.0 = Release|Any CPU
		{722F7D34-1BCC-4310-BFA2-B8BF49A70FD0}.Debug|Any CPU.ActiveCfg = Debug|Any CPU
		{722F7D34-1BCC-4310-BFA2-B8BF49A70FD0}.Debug|Any CPU.Build.0 = Debug|Any CPU
		{722F7D34-1BCC-4310-BFA2-B8BF49A70FD0}.Release|Any CPU.ActiveCfg = Release|Any CPU
		{722F7D34-1BCC-4310-BFA2-B8BF49A70FD0}.Release|Any CPU.Build.0 = Release|Any CPU
		{A3BD43F8-75A2-449E-94F9-893B9CE3473C}.Debug|Any CPU.ActiveCfg = Debug|Any CPU
		{A3BD43F8-75A2-449E-94F9-893B9CE3473C}.Debug|Any CPU.Build.0 = Debug|Any CPU
		{A3BD43F8-75A2-449E-94F9-893B9CE3473C}.Release|Any CPU.ActiveCfg = Release|Any CPU
		{A3BD43F8-75A2-449E-94F9-893B9CE3473C}.Release|Any CPU.Build.0 = Release|Any CPU
	EndGlobalSection
	GlobalSection(SolutionProperties) = preSolution
		HideSolutionNode = FALSE
	EndGlobalSection
	GlobalSection(ExtensibilityGlobals) = postSolution
		SolutionGuid = {B5A0FAF1-11BD-4FDB-A471-0FE53A04626E}
	EndGlobalSection
EndGlobal
